
Microsoft Visual Studio Solution File, Format Version 12.00
# Visual Studio Version 17
VisualStudioVersion = 17.11.35222.181
MinimumVisualStudioVersion = 10.0.40219.1
Project("{FAE04EC0-301F-11D3-BF4B-00C04F79EFBC}") = "Practica2", "Practica2\Practica2.csproj", "{D9B2A82B-0047-44E9-BDBC-4C949CF25C07}"
EndProject
Global
	GlobalSection(SolutionConfigurationPlatforms) = preSolution
		Debug|Any CPU = Debug|Any CPU
		Release|Any CPU = Release|Any CPU
	EndGlobalSection
	GlobalSection(ProjectConfigurationPlatforms) = postSolution
		{D9B2A82B-0047-44E9-BDBC-4C949CF25C07}.Debug|Any CPU.ActiveCfg = Debug|Any CPU
		{D9B2A82B-0047-44E9-BDBC-4C949CF25C07}.Debug|Any CPU.Build.0 = Debug|Any CPU
		{D9B2A82B-0047-44E9-BDBC-4C949CF25C07}.Release|Any CPU.ActiveCfg = Release|Any CPU
		{D9B2A82B-0047-44E9-BDBC-4C949CF25C07}.Release|Any CPU.Build.0 = Release|Any CPU
	EndGlobalSection
	GlobalSection(SolutionProperties) = preSolution
		HideSolutionNode = FALSE
	EndGlobalSection
	GlobalSection(ExtensibilityGlobals) = postSolution
		SolutionGuid = {97037294-374C-4AE2-9111-236578080CDF}
	EndGlobalSection
EndGlobal
